
Microsoft Visual Studio Solution File, Format Version 12.00
# Visual Studio 15
VisualStudioVersion = 15.0.27130.2027
MinimumVisualStudioVersion = 10.0.40219.1
Project("{9A19103F-16F7-4668-BE54-9A1E7A4F7556}") = "Log4net.NetCore.Web", "Log4net.NetCore.Web\Log4net.NetCore.Web.csproj", "{B080153B-621F-4B2B-982A-28487247B01A}"
EndProject
Project("{9A19103F-16F7-4668-BE54-9A1E7A4F7556}") = "Log4net.NetCore.Lib", "Log4net.NetCore.Lib\Log4net.NetCore.Lib.csproj", "{C937F627-94EA-4B0A-96EB-68F2D9DAF4E8}"
EndProject
Project("{FAE04EC0-301F-11D3-BF4B-00C04F79EFBC}") = "Log4net.NetCore.Data", "Log4net.NetCore.Data\Log4net.NetCore.Data.csproj", "{33450D33-0A8D-4374-A9F3-BA2E0B2E93CE}"
EndProject
Global
	GlobalSection(SolutionConfigurationPlatforms) = preSolution
		Debug|Any CPU = Debug|Any CPU
		Release|Any CPU = Release|Any CPU
	EndGlobalSection
	GlobalSection(ProjectConfigurationPlatforms) = postSolution
		{B080153B-621F-4B2B-982A-28487247B01A}.Debug|Any CPU.ActiveCfg = Debug|Any CPU
		{B080153B-621F-4B2B-982A-28487247B01A}.Debug|Any CPU.Build.0 = Debug|Any CPU
		{B080153B-621F-4B2B-982A-28487247B01A}.Release|Any CPU.ActiveCfg = Release|Any CPU
		{B080153B-621F-4B2B-982A-28487247B01A}.Release|Any CPU.Build.0 = Release|Any CPU
		{C937F627-94EA-4B0A-96EB-68F2D9DAF4E8}.Debug|Any CPU.ActiveCfg = Debug|Any CPU
		{C937F627-94EA-4B0A-96EB-68F2D9DAF4E8}.Debug|Any CPU.Build.0 = Debug|Any CPU
		{C937F627-94EA-4B0A-96EB-68F2D9DAF4E8}.Release|Any CPU.ActiveCfg = Release|Any CPU
		{C937F627-94EA-4B0A-96EB-68F2D9DAF4E8}.Release|Any CPU.Build.0 = Release|Any CPU
		{33450D33-0A8D-4374-A9F3-BA2E0B2E93CE}.Debug|Any CPU.ActiveCfg = Debug|Any CPU
		{33450D33-0A8D-4374-A9F3-BA2E0B2E93CE}.Debug|Any CPU.Build.0 = Debug|Any CPU
		{33450D33-0A8D-4374-A9F3-BA2E0B2E93CE}.Release|Any CPU.ActiveCfg = Release|Any CPU
		{33450D33-0A8D-4374-A9F3-BA2E0B2E93CE}.Release|Any CPU.Build.0 = Release|Any CPU
	EndGlobalSection
	GlobalSection(SolutionProperties) = preSolution
		HideSolutionNode = FALSE
	EndGlobalSection
	GlobalSection(ExtensibilityGlobals) = postSolution
		SolutionGuid = {68F07973-B41F-4D86-A327-876FB4BD05E3}
	EndGlobalSection
EndGlobal
